
Microsoft Visual Studio Solution File, Format Version 12.00
# Visual Studio Version 17
VisualStudioVersion = 17.4.33213.308
MinimumVisualStudioVersion = 10.0.40219.1
Project("{9A19103F-16F7-4668-BE54-9A1E7A4F7556}") = "MyBlogProject_Backend", "MyBlogProject_Backend.csproj", "{886EBD7C-CD6C-4E64-8651-274B0755BE39}"
EndProject
Project("{9A19103F-16F7-4668-BE54-9A1E7A4F7556}") = "DataAccess", "..\DataAccess\DataAccess.csproj", "{DA1188D1-63E2-40BC-B793-3396FF951BB1}"
EndProject
Project("{9A19103F-16F7-4668-BE54-9A1E7A4F7556}") = "Infrastructure", "..\Infrastructure\Infrastructure.csproj", "{E2404947-C974-47B4-99B5-15644E719BF7}"
EndProject
Project("{9A19103F-16F7-4668-BE54-9A1E7A4F7556}") = "Model", "..\Model\Model.csproj", "{3C187689-2A86-42EC-AB4A-BAF786F14367}"
EndProject
Project("{9A19103F-16F7-4668-BE54-9A1E7A4F7556}") = "Business", "..\Business\Business.csproj", "{1BB8D0E4-FC61-456D-83D4-95DE028CE96B}"
EndProject
Global
	GlobalSection(SolutionConfigurationPlatforms) = preSolution
		Debug|Any CPU = Debug|Any CPU
		Release|Any CPU = Release|Any CPU
	EndGlobalSection
	GlobalSection(ProjectConfigurationPlatforms) = postSolution
		{886EBD7C-CD6C-4E64-8651-274B0755BE39}.Debug|Any CPU.ActiveCfg = Debug|Any CPU
		{886EBD7C-CD6C-4E64-8651-274B0755BE39}.Debug|Any CPU.Build.0 = Debug|Any CPU
		{886EBD7C-CD6C-4E64-8651-274B0755BE39}.Release|Any CPU.ActiveCfg = Release|Any CPU
		{886EBD7C-CD6C-4E64-8651-274B0755BE39}.Release|Any CPU.Build.0 = Release|Any CPU
		{DA1188D1-63E2-40BC-B793-3396FF951BB1}.Debug|Any CPU.ActiveCfg = Debug|Any CPU
		{DA1188D1-63E2-40BC-B793-3396FF951BB1}.Debug|Any CPU.Build.0 = Debug|Any CPU
		{DA1188D1-63E2-40BC-B793-3396FF951BB1}.Release|Any CPU.ActiveCfg = Release|Any CPU
		{DA1188D1-63E2-40BC-B793-3396FF951BB1}.Release|Any CPU.Build.0 = Release|Any CPU
		{E2404947-C974-47B4-99B5-15644E719BF7}.Debug|Any CPU.ActiveCfg = Debug|Any CPU
		{E2404947-C974-47B4-99B5-15644E719BF7}.Debug|Any CPU.Build.0 = Debug|Any CPU
		{E2404947-C974-47B4-99B5-15644E719BF7}.Release|Any CPU.ActiveCfg = Release|Any CPU
		{E2404947-C974-47B4-99B5-15644E719BF7}.Release|Any CPU.Build.0 = Release|Any CPU
		{3C187689-2A86-42EC-AB4A-BAF786F14367}.Debug|Any CPU.ActiveCfg = Debug|Any CPU
		{3C187689-2A86-42EC-AB4A-BAF786F14367}.Debug|Any CPU.Build.0 = Debug|Any CPU
		{3C187689-2A86-42EC-AB4A-BAF786F14367}.Release|Any CPU.ActiveCfg = Release|Any CPU
		{3C187689-2A86-42EC-AB4A-BAF786F14367}.Release|Any CPU.Build.0 = Release|Any CPU
		{1BB8D0E4-FC61-456D-83D4-95DE028CE96B}.Debug|Any CPU.ActiveCfg = Debug|Any CPU
		{1BB8D0E4-FC61-456D-83D4-95DE028CE96B}.Debug|Any CPU.Build.0 = Debug|Any CPU
		{1BB8D0E4-FC61-456D-83D4-95DE028CE96B}.Release|Any CPU.ActiveCfg = Release|Any CPU
		{1BB8D0E4-FC61-456D-83D4-95DE028CE96B}.Release|Any CPU.Build.0 = Release|Any CPU
	EndGlobalSection
	GlobalSection(SolutionProperties) = preSolution
		HideSolutionNode = FALSE
	EndGlobalSection
	GlobalSection(ExtensibilityGlobals) = postSolution
		SolutionGuid = {C728A52D-A075-4503-91B1-BD2E2CBEDAAD}
	EndGlobalSection
EndGlobal
